
Microsoft Visual Studio Solution File, Format Version 12.00
# Visual Studio Version 17
VisualStudioVersion = 17.12.35707.178
MinimumVisualStudioVersion = 10.0.40219.1
Project("{2150E333-8FDC-42A3-9474-1A3956D46DE8}") = "0 Base", "0 Base", "{14CB641E-6AF1-4A34-8B75-2C5A3850829A}"
EndProject
Project("{2150E333-8FDC-42A3-9474-1A3956D46DE8}") = "1 Shared", "1 Shared", "{19356FC5-169B-424B-8419-DFD74D8B0880}"
EndProject
Project("{2150E333-8FDC-42A3-9474-1A3956D46DE8}") = "2 Product", "2 Product", "{CF440C54-D38A-4CE2-86F8-A917A9AD4462}"
EndProject
Project("{2150E333-8FDC-42A3-9474-1A3956D46DE8}") = "3 Sale", "3 Sale", "{02047DF0-FF0D-4C42-94B1-82D242DB6C99}"
EndProject
Project("{2150E333-8FDC-42A3-9474-1A3956D46DE8}") = "4 Stock", "4 Stock", "{EB62F2A0-1474-4DA0-ADAD-BD28E986E654}"
EndProject
Project("{FAE04EC0-301F-11D3-BF4B-00C04F79EFBC}") = "Base.Core.Domain.Application", "src\backend\src\Base\Base.Core.Domain.Application\Base.Core.Domain.Application.csproj", "{0FEEDA98-F3F6-49B0-932D-DA99D12BB7D9}"
EndProject
Project("{FAE04EC0-301F-11D3-BF4B-00C04F79EFBC}") = "Base.WebApi", "src\backend\src\Base\Base.WebApi\Base.WebApi.csproj", "{4502E015-9D41-43FE-888B-C7D0A49A46D8}"
EndProject
Project("{FAE04EC0-301F-11D3-BF4B-00C04F79EFBC}") = "Product.Core.Domain", "src\backend\src\Product\Product.Core.Domain\Product.Core.Domain.csproj", "{6D6BEA3A-3568-4E40-8E34-3AEACA7EB035}"
EndProject
Project("{FAE04EC0-301F-11D3-BF4B-00C04F79EFBC}") = "Product.WebApi", "src\backend\src\Product\Product.WebApi\Product.WebApi.csproj", "{0DA944A3-73D2-40FD-8AC6-684BEDF44115}"
EndProject
Project("{FAE04EC0-301F-11D3-BF4B-00C04F79EFBC}") = "Sale.Core.Domain.Application", "src\backend\src\Sale\Sale.Core.Domain.Application\Sale.Core.Domain.Application.csproj", "{66C10F6C-0066-41E7-A03A-A669436A62D6}"
EndProject
Project("{FAE04EC0-301F-11D3-BF4B-00C04F79EFBC}") = "Sale.Core.Domain", "src\backend\src\Sale\Sale.Core.Domain\Sale.Core.Domain.csproj", "{A4300307-CCCF-40B4-A2DF-419FA45D2310}"
EndProject
Project("{FAE04EC0-301F-11D3-BF4B-00C04F79EFBC}") = "Sale.WebApi", "src\backend\src\Sale\Sale.WebApi\Sale.WebApi.csproj", "{7AF9F980-0209-430C-8247-A1D5B91EEDC7}"
EndProject
Project("{FAE04EC0-301F-11D3-BF4B-00C04F79EFBC}") = "Stock.Core.Domain.Application", "src\backend\src\Stock\Stock.Core.Domain.Application\Stock.Core.Domain.Application.csproj", "{662A4DED-234D-427E-B621-A345D415AC98}"
EndProject
Project("{FAE04EC0-301F-11D3-BF4B-00C04F79EFBC}") = "Stock.Core.Domain", "src\backend\src\Stock\Stock.Core.Domain\Stock.Core.Domain.csproj", "{C508A8F2-3FAB-4AC5-95D2-6E0D9F2A8DDE}"
EndProject
Project("{FAE04EC0-301F-11D3-BF4B-00C04F79EFBC}") = "Stock.WebApi", "src\backend\src\Stock\Stock.WebApi\Stock.WebApi.csproj", "{047AC8BF-D592-4D41-B078-57A2E80F505D}"
EndProject
Project("{2150E333-8FDC-42A3-9474-1A3956D46DE8}") = "backend", "backend", "{47629631-43AB-4892-B8AA-45BBFC169776}"
EndProject
Project("{2150E333-8FDC-42A3-9474-1A3956D46DE8}") = "frontend", "frontend", "{E44ECE88-9B42-411E-B10C-22A19B992D5B}"
EndProject
Project("{54A90642-561A-4BB1-A94E-469ADEE60C69}") = "AppClientAngular", "src\frontend\src\appclientangular\AppClientAngular.esproj", "{55661C61-5A9B-4DD5-B433-FC8DB8A8DDE7}"
EndProject
Project("{FAE04EC0-301F-11D3-BF4B-00C04F79EFBC}") = "Sale.Core.Domain.Contracts", "src\backend\src\Sale\Sale.Core.Domain.Contracts\Sale.Core.Domain.Contracts.csproj", "{7610366E-CBF5-49CA-9381-B437A0B5174E}"
EndProject
Project("{FAE04EC0-301F-11D3-BF4B-00C04F79EFBC}") = "Base.Core.Domain", "src\backend\src\Base\Base.Core.Domain\Base.Core.Domain.csproj", "{80B446D6-6A80-4F20-A43B-7A2FB76A69D0}"
EndProject
Project("{2150E333-8FDC-42A3-9474-1A3956D46DE8}") = "IoC", "IoC", "{3952E900-CDD5-46C2-B5F7-2E46B3CBA947}"
EndProject
Project("{FAE04EC0-301F-11D3-BF4B-00C04F79EFBC}") = "IoC", "src\backend\src\Ioc\IoC.csproj", "{6738843F-3933-4D35-A198-A6A5125CDC09}"
EndProject
Project("{2150E333-8FDC-42A3-9474-1A3956D46DE8}") = "5 Payment", "5 Payment", "{5F4C3048-EA66-4804-9765-7D25DBB5AF12}"
EndProject
Project("{FAE04EC0-301F-11D3-BF4B-00C04F79EFBC}") = "Payment.Core.Domain", "src\backend\src\Payment\Payment.Core.Domain\Payment.Core.Domain.csproj", "{D738B692-CF34-4712-9AE5-C910CA429741}"
EndProject
Project("{FAE04EC0-301F-11D3-BF4B-00C04F79EFBC}") = "Payment.Core.Domain.Application", "src\backend\src\Payment\Payment.Core.Domain.Application\Payment.Core.Domain.Application.csproj", "{BC093E8C-4A21-4D5F-B25A-749ED458B70F}"
EndProject
Project("{FAE04EC0-301F-11D3-BF4B-00C04F79EFBC}") = "Payment.WebApi", "src\backend\src\Payment\Payment.WebApi\Payment.WebApi.csproj", "{D0783B14-5A00-42F9-A19E-DF6352B4BAD4}"
EndProject
Project("{FAE04EC0-301F-11D3-BF4B-00C04F79EFBC}") = "Payment.Infrastructure.MassTransit", "src\backend\src\Payment\Payment.Infrastructure.MassTransit\Payment.Infrastructure.MassTransit.csproj", "{320AE791-F37C-45F3-AB4A-4D2AC2EAE3E2}"
EndProject
Project("{FAE04EC0-301F-11D3-BF4B-00C04F79EFBC}") = "Payment.Infrastructure.NServiceBus", "src\backend\src\Payment\Payment.Infrastructure.NServiceBus\Payment.Infrastructure.NServiceBus.csproj", "{7BE961EE-408F-48C6-A612-D6C85BBD9F9F}"
EndProject
Project("{FAE04EC0-301F-11D3-BF4B-00C04F79EFBC}") = "Payment.Infrastructure.Orm", "src\backend\src\Payment\Payment.Infrastructure.Orm\Payment.Infrastructure.Orm.csproj", "{0380F884-2476-47AA-B4DB-52B148C998AF}"
EndProject
Project("{FAE04EC0-301F-11D3-BF4B-00C04F79EFBC}") = "Payment.Infrastructure.Rebus", "src\backend\src\Payment\Payment.Infrastrucure.Rebus\Payment.Infrastructure.Rebus.csproj", "{2A30668A-6A9E-4FB4-8BBC-21250DF680B6}"
EndProject
Project("{FAE04EC0-301F-11D3-BF4B-00C04F79EFBC}") = "Stock.Infrastructure.MassTransit", "src\backend\src\Stock\Stock.Infrastructure.MassTransit\Stock.Infrastructure.MassTransit.csproj", "{DF7C3BAA-9A1C-4EA2-ABCB-8D22B73EB0A3}"
EndProject
Project("{FAE04EC0-301F-11D3-BF4B-00C04F79EFBC}") = "Stock.Infrastructure.NServiceBus", "src\backend\src\Stock\Stock.Infrastructure.NServiceBus\Stock.Infrastructure.NServiceBus.csproj", "{A54BABB5-F0DF-4E64-8966-7DA29FA9CC4F}"
EndProject
Project("{FAE04EC0-301F-11D3-BF4B-00C04F79EFBC}") = "Stock.Infrastructure.Orm", "src\backend\src\Stock\Stock.Infrastructure.Orm\Stock.Infrastructure.Orm.csproj", "{9E7ECE57-22DC-46B2-BF4D-424188EBA94D}"
EndProject
Project("{FAE04EC0-301F-11D3-BF4B-00C04F79EFBC}") = "Stock.Infrastructure.Rebus", "src\backend\src\Stock\Stock.Infrastructure.Rebus\Stock.Infrastructure.Rebus.csproj", "{28C746C3-EAEE-487D-9662-79EB9FF3E599}"
EndProject
Project("{FAE04EC0-301F-11D3-BF4B-00C04F79EFBC}") = "Sale.Core.Domain.SagaMassTransit", "src\backend\src\Sale\Sale.Core.Domain.SagaMassTransit\Sale.Core.Domain.SagaMassTransit.csproj", "{FA95353E-E0B2-405D-AAD6-5C010DFACCA7}"
EndProject
Project("{FAE04EC0-301F-11D3-BF4B-00C04F79EFBC}") = "Sale.Core.Domain.SagaNServiceBus", "src\backend\src\Sale\Sale.Core.Domain.SagaNServiceBus\Sale.Core.Domain.SagaNServiceBus.csproj", "{7D6ECF93-2569-461B-8C84-453ABFB57769}"
EndProject
Project("{FAE04EC0-301F-11D3-BF4B-00C04F79EFBC}") = "Sale.Core.Domain.SagaRebus", "src\backend\src\Sale\Sale.Core.Domain.SagaRebus\Sale.Core.Domain.SagaRebus.csproj", "{40287DD3-0385-4B6D-84B3-8097530C2C52}"
EndProject
Project("{FAE04EC0-301F-11D3-BF4B-00C04F79EFBC}") = "Sale.Infrastructure.MassTransit", "src\backend\src\Sale\Sale.Infrastructure.MassTransit\Sale.Infrastructure.MassTransit.csproj", "{4CCA855D-D3E0-4B04-A907-467420A62219}"
EndProject
Project("{FAE04EC0-301F-11D3-BF4B-00C04F79EFBC}") = "Sale.Infrastructure.NServiceBus", "src\backend\src\Sale\Sale.Infrastructure.NServiceBus\Sale.Infrastructure.NServiceBus.csproj", "{D3D82F1F-77A8-4298-ABE4-7ED1029618F3}"
EndProject
Project("{FAE04EC0-301F-11D3-BF4B-00C04F79EFBC}") = "Sale.Infrastructure.Orm", "src\backend\src\Sale\Sale.Infrastructure.Orm\Sale.Infrastructure.Orm.csproj", "{CC0A98C9-B96A-40C3-BC08-CB9FF90D50C5}"
EndProject
Project("{FAE04EC0-301F-11D3-BF4B-00C04F79EFBC}") = "Sale.Infrastructure.Rebus", "src\backend\src\Sale\Sale.Infrastructure.Rebus\Sale.Infrastructure.Rebus.csproj", "{E38EB65D-4920-4A02-AC23-0CB4D65979E5}"
EndProject
Project("{FAE04EC0-301F-11D3-BF4B-00C04F79EFBC}") = "Product.Core.Application", "src\backend\src\Product\Product.Core.Application\Product.Core.Application.csproj", "{9AB54980-9932-42B5-8578-24B51C057C0F}"
EndProject
Project("{FAE04EC0-301F-11D3-BF4B-00C04F79EFBC}") = "Product.Infrastructure.Orm", "src\backend\src\Product\Product.Infrastructure.Orm\Product.Infrastructure.Orm.csproj", "{ED611187-E054-4D7A-B4B3-45D5CC563B60}"
EndProject
Project("{FAE04EC0-301F-11D3-BF4B-00C04F79EFBC}") = "Shared.Infrasctructure.Orm", "src\backend\src\Shared\Shared.Infrasctructure.Orm\Shared.Infrasctructure.Orm.csproj", "{78BA47A8-C543-42E2-861B-104133039066}"
EndProject
Project("{FAE04EC0-301F-11D3-BF4B-00C04F79EFBC}") = "Base.Core.Domain.Messaging", "src\backend\src\Base\Base.Core.Domain.Messaging\Base.Core.Domain.Messaging.csproj", "{E61DD011-5BCB-48C0-A559-CC432CAF1E97}"
EndProject
Project("{FAE04EC0-301F-11D3-BF4B-00C04F79EFBC}") = "Base.Infrastructure.Messaging.MassTransit", "src\backend\src\Base\Base.Infrastructure.Messaging.MassTransit\Base.Infrastructure.Messaging.MassTransit.csproj", "{CE801E35-4586-4C15-939C-4F6047C8B3AC}"
EndProject
Project("{FAE04EC0-301F-11D3-BF4B-00C04F79EFBC}") = "Base.Infrastructure.Messaging.NServiceBus", "src\backend\src\Base\Base.Infrastructure.Messaging.NServiceBus\Base.Infrastructure.Messaging.NServiceBus.csproj", "{88261ECC-52B6-4BA2-837C-6235C035E4B4}"
EndProject
Project("{FAE04EC0-301F-11D3-BF4B-00C04F79EFBC}") = "Base.Infrastructure.Messaging.Rebus", "src\backend\src\Base\Base.Infrastructure.Messaging.Rebus\Base.Infrastructure.Messaging.Rebus.csproj", "{81AA5FF6-0907-4A40-84A5-3A010D3CD8AE}"
EndProject
Global
	GlobalSection(SolutionConfigurationPlatforms) = preSolution
		Debug|Any CPU = Debug|Any CPU
		Release|Any CPU = Release|Any CPU
	EndGlobalSection
	GlobalSection(ProjectConfigurationPlatforms) = postSolution
		{0FEEDA98-F3F6-49B0-932D-DA99D12BB7D9}.Debug|Any CPU.ActiveCfg = Debug|Any CPU
		{0FEEDA98-F3F6-49B0-932D-DA99D12BB7D9}.Debug|Any CPU.Build.0 = Debug|Any CPU
		{0FEEDA98-F3F6-49B0-932D-DA99D12BB7D9}.Release|Any CPU.ActiveCfg = Release|Any CPU
		{0FEEDA98-F3F6-49B0-932D-DA99D12BB7D9}.Release|Any CPU.Build.0 = Release|Any CPU
		{4502E015-9D41-43FE-888B-C7D0A49A46D8}.Debug|Any CPU.ActiveCfg = Debug|Any CPU
		{4502E015-9D41-43FE-888B-C7D0A49A46D8}.Debug|Any CPU.Build.0 = Debug|Any CPU
		{4502E015-9D41-43FE-888B-C7D0A49A46D8}.Release|Any CPU.ActiveCfg = Release|Any CPU
		{4502E015-9D41-43FE-888B-C7D0A49A46D8}.Release|Any CPU.Build.0 = Release|Any CPU
		{6D6BEA3A-3568-4E40-8E34-3AEACA7EB035}.Debug|Any CPU.ActiveCfg = Debug|Any CPU
		{6D6BEA3A-3568-4E40-8E34-3AEACA7EB035}.Debug|Any CPU.Build.0 = Debug|Any CPU
		{6D6BEA3A-3568-4E40-8E34-3AEACA7EB035}.Release|Any CPU.ActiveCfg = Release|Any CPU
		{6D6BEA3A-3568-4E40-8E34-3AEACA7EB035}.Release|Any CPU.Build.0 = Release|Any CPU
		{0DA944A3-73D2-40FD-8AC6-684BEDF44115}.Debug|Any CPU.ActiveCfg = Debug|Any CPU
		{0DA944A3-73D2-40FD-8AC6-684BEDF44115}.Debug|Any CPU.Build.0 = Debug|Any CPU
		{0DA944A3-73D2-40FD-8AC6-684BEDF44115}.Release|Any CPU.ActiveCfg = Release|Any CPU
		{0DA944A3-73D2-40FD-8AC6-684BEDF44115}.Release|Any CPU.Build.0 = Release|Any CPU
		{66C10F6C-0066-41E7-A03A-A669436A62D6}.Debug|Any CPU.ActiveCfg = Debug|Any CPU
		{66C10F6C-0066-41E7-A03A-A669436A62D6}.Debug|Any CPU.Build.0 = Debug|Any CPU
		{66C10F6C-0066-41E7-A03A-A669436A62D6}.Release|Any CPU.ActiveCfg = Release|Any CPU
		{66C10F6C-0066-41E7-A03A-A669436A62D6}.Release|Any CPU.Build.0 = Release|Any CPU
		{A4300307-CCCF-40B4-A2DF-419FA45D2310}.Debug|Any CPU.ActiveCfg = Debug|Any CPU
		{A4300307-CCCF-40B4-A2DF-419FA45D2310}.Debug|Any CPU.Build.0 = Debug|Any CPU
		{A4300307-CCCF-40B4-A2DF-419FA45D2310}.Release|Any CPU.ActiveCfg = Release|Any CPU
		{A4300307-CCCF-40B4-A2DF-419FA45D2310}.Release|Any CPU.Build.0 = Release|Any CPU
		{7AF9F980-0209-430C-8247-A1D5B91EEDC7}.Debug|Any CPU.ActiveCfg = Debug|Any CPU
		{7AF9F980-0209-430C-8247-A1D5B91EEDC7}.Debug|Any CPU.Build.0 = Debug|Any CPU
		{7AF9F980-0209-430C-8247-A1D5B91EEDC7}.Release|Any CPU.ActiveCfg = Release|Any CPU
		{7AF9F980-0209-430C-8247-A1D5B91EEDC7}.Release|Any CPU.Build.0 = Release|Any CPU
		{662A4DED-234D-427E-B621-A345D415AC98}.Debug|Any CPU.ActiveCfg = Debug|Any CPU
		{662A4DED-234D-427E-B621-A345D415AC98}.Debug|Any CPU.Build.0 = Debug|Any CPU
		{662A4DED-234D-427E-B621-A345D415AC98}.Release|Any CPU.ActiveCfg = Release|Any CPU
		{662A4DED-234D-427E-B621-A345D415AC98}.Release|Any CPU.Build.0 = Release|Any CPU
		{C508A8F2-3FAB-4AC5-95D2-6E0D9F2A8DDE}.Debug|Any CPU.ActiveCfg = Debug|Any CPU
		{C508A8F2-3FAB-4AC5-95D2-6E0D9F2A8DDE}.Debug|Any CPU.Build.0 = Debug|Any CPU
		{C508A8F2-3FAB-4AC5-95D2-6E0D9F2A8DDE}.Release|Any CPU.ActiveCfg = Release|Any CPU
		{C508A8F2-3FAB-4AC5-95D2-6E0D9F2A8DDE}.Release|Any CPU.Build.0 = Release|Any CPU
		{047AC8BF-D592-4D41-B078-57A2E80F505D}.Debug|Any CPU.ActiveCfg = Debug|Any CPU
		{047AC8BF-D592-4D41-B078-57A2E80F505D}.Debug|Any CPU.Build.0 = Debug|Any CPU
		{047AC8BF-D592-4D41-B078-57A2E80F505D}.Release|Any CPU.ActiveCfg = Release|Any CPU
		{047AC8BF-D592-4D41-B078-57A2E80F505D}.Release|Any CPU.Build.0 = Release|Any CPU
		{55661C61-5A9B-4DD5-B433-FC8DB8A8DDE7}.Debug|Any CPU.ActiveCfg = Debug|Any CPU
		{55661C61-5A9B-4DD5-B433-FC8DB8A8DDE7}.Debug|Any CPU.Build.0 = Debug|Any CPU
		{55661C61-5A9B-4DD5-B433-FC8DB8A8DDE7}.Debug|Any CPU.Deploy.0 = Debug|Any CPU
		{55661C61-5A9B-4DD5-B433-FC8DB8A8DDE7}.Release|Any CPU.ActiveCfg = Release|Any CPU
		{55661C61-5A9B-4DD5-B433-FC8DB8A8DDE7}.Release|Any CPU.Build.0 = Release|Any CPU
		{55661C61-5A9B-4DD5-B433-FC8DB8A8DDE7}.Release|Any CPU.Deploy.0 = Release|Any CPU
		{7610366E-CBF5-49CA-9381-B437A0B5174E}.Debug|Any CPU.ActiveCfg = Debug|Any CPU
		{7610366E-CBF5-49CA-9381-B437A0B5174E}.Debug|Any CPU.Build.0 = Debug|Any CPU
		{7610366E-CBF5-49CA-9381-B437A0B5174E}.Release|Any CPU.ActiveCfg = Release|Any CPU
		{7610366E-CBF5-49CA-9381-B437A0B5174E}.Release|Any CPU.Build.0 = Release|Any CPU
		{80B446D6-6A80-4F20-A43B-7A2FB76A69D0}.Debug|Any CPU.ActiveCfg = Debug|Any CPU
		{80B446D6-6A80-4F20-A43B-7A2FB76A69D0}.Debug|Any CPU.Build.0 = Debug|Any CPU
		{80B446D6-6A80-4F20-A43B-7A2FB76A69D0}.Release|Any CPU.ActiveCfg = Release|Any CPU
		{80B446D6-6A80-4F20-A43B-7A2FB76A69D0}.Release|Any CPU.Build.0 = Release|Any CPU
		{6738843F-3933-4D35-A198-A6A5125CDC09}.Debug|Any CPU.ActiveCfg = Debug|Any CPU
		{6738843F-3933-4D35-A198-A6A5125CDC09}.Debug|Any CPU.Build.0 = Debug|Any CPU
		{6738843F-3933-4D35-A198-A6A5125CDC09}.Release|Any CPU.ActiveCfg = Release|Any CPU
		{6738843F-3933-4D35-A198-A6A5125CDC09}.Release|Any CPU.Build.0 = Release|Any CPU
		{D738B692-CF34-4712-9AE5-C910CA429741}.Debug|Any CPU.ActiveCfg = Debug|Any CPU
		{D738B692-CF34-4712-9AE5-C910CA429741}.Debug|Any CPU.Build.0 = Debug|Any CPU
		{D738B692-CF34-4712-9AE5-C910CA429741}.Release|Any CPU.ActiveCfg = Release|Any CPU
		{D738B692-CF34-4712-9AE5-C910CA429741}.Release|Any CPU.Build.0 = Release|Any CPU
		{BC093E8C-4A21-4D5F-B25A-749ED458B70F}.Debug|Any CPU.ActiveCfg = Debug|Any CPU
		{BC093E8C-4A21-4D5F-B25A-749ED458B70F}.Debug|Any CPU.Build.0 = Debug|Any CPU
		{BC093E8C-4A21-4D5F-B25A-749ED458B70F}.Release|Any CPU.ActiveCfg = Release|Any CPU
		{BC093E8C-4A21-4D5F-B25A-749ED458B70F}.Release|Any CPU.Build.0 = Release|Any CPU
		{D0783B14-5A00-42F9-A19E-DF6352B4BAD4}.Debug|Any CPU.ActiveCfg = Debug|Any CPU
		{D0783B14-5A00-42F9-A19E-DF6352B4BAD4}.Debug|Any CPU.Build.0 = Debug|Any CPU
		{D0783B14-5A00-42F9-A19E-DF6352B4BAD4}.Release|Any CPU.ActiveCfg = Release|Any CPU
		{D0783B14-5A00-42F9-A19E-DF6352B4BAD4}.Release|Any CPU.Build.0 = Release|Any CPU
		{320AE791-F37C-45F3-AB4A-4D2AC2EAE3E2}.Debug|Any CPU.ActiveCfg = Debug|Any CPU
		{320AE791-F37C-45F3-AB4A-4D2AC2EAE3E2}.Debug|Any CPU.Build.0 = Debug|Any CPU
		{320AE791-F37C-45F3-AB4A-4D2AC2EAE3E2}.Release|Any CPU.ActiveCfg = Release|Any CPU
		{320AE791-F37C-45F3-AB4A-4D2AC2EAE3E2}.Release|Any CPU.Build.0 = Release|Any CPU
		{7BE961EE-408F-48C6-A612-D6C85BBD9F9F}.Debug|Any CPU.ActiveCfg = Debug|Any CPU
		{7BE961EE-408F-48C6-A612-D6C85BBD9F9F}.Debug|Any CPU.Build.0 = Debug|Any CPU
		{7BE961EE-408F-48C6-A612-D6C85BBD9F9F}.Release|Any CPU.ActiveCfg = Release|Any CPU
		{7BE961EE-408F-48C6-A612-D6C85BBD9F9F}.Release|Any CPU.Build.0 = Release|Any CPU
		{0380F884-2476-47AA-B4DB-52B148C998AF}.Debug|Any CPU.ActiveCfg = Debug|Any CPU
		{0380F884-2476-47AA-B4DB-52B148C998AF}.Debug|Any CPU.Build.0 = Debug|Any CPU
		{0380F884-2476-47AA-B4DB-52B148C998AF}.Release|Any CPU.ActiveCfg = Release|Any CPU
		{0380F884-2476-47AA-B4DB-52B148C998AF}.Release|Any CPU.Build.0 = Release|Any CPU
		{2A30668A-6A9E-4FB4-8BBC-21250DF680B6}.Debug|Any CPU.ActiveCfg = Debug|Any CPU
		{2A30668A-6A9E-4FB4-8BBC-21250DF680B6}.Debug|Any CPU.Build.0 = Debug|Any CPU
		{2A30668A-6A9E-4FB4-8BBC-21250DF680B6}.Release|Any CPU.ActiveCfg = Release|Any CPU
		{2A30668A-6A9E-4FB4-8BBC-21250DF680B6}.Release|Any CPU.Build.0 = Release|Any CPU
		{DF7C3BAA-9A1C-4EA2-ABCB-8D22B73EB0A3}.Debug|Any CPU.ActiveCfg = Debug|Any CPU
		{DF7C3BAA-9A1C-4EA2-ABCB-8D22B73EB0A3}.Debug|Any CPU.Build.0 = Debug|Any CPU
		{DF7C3BAA-9A1C-4EA2-ABCB-8D22B73EB0A3}.Release|Any CPU.ActiveCfg = Release|Any CPU
		{DF7C3BAA-9A1C-4EA2-ABCB-8D22B73EB0A3}.Release|Any CPU.Build.0 = Release|Any CPU
		{A54BABB5-F0DF-4E64-8966-7DA29FA9CC4F}.Debug|Any CPU.ActiveCfg = Debug|Any CPU
		{A54BABB5-F0DF-4E64-8966-7DA29FA9CC4F}.Debug|Any CPU.Build.0 = Debug|Any CPU
		{A54BABB5-F0DF-4E64-8966-7DA29FA9CC4F}.Release|Any CPU.ActiveCfg = Release|Any CPU
		{A54BABB5-F0DF-4E64-8966-7DA29FA9CC4F}.Release|Any CPU.Build.0 = Release|Any CPU
		{9E7ECE57-22DC-46B2-BF4D-424188EBA94D}.Debug|Any CPU.ActiveCfg = Debug|Any CPU
		{9E7ECE57-22DC-46B2-BF4D-424188EBA94D}.Debug|Any CPU.Build.0 = Debug|Any CPU
		{9E7ECE57-22DC-46B2-BF4D-424188EBA94D}.Release|Any CPU.ActiveCfg = Release|Any CPU
		{9E7ECE57-22DC-46B2-BF4D-424188EBA94D}.Release|Any CPU.Build.0 = Release|Any CPU
		{28C746C3-EAEE-487D-9662-79EB9FF3E599}.Debug|Any CPU.ActiveCfg = Debug|Any CPU
		{28C746C3-EAEE-487D-9662-79EB9FF3E599}.Debug|Any CPU.Build.0 = Debug|Any CPU
		{28C746C3-EAEE-487D-9662-79EB9FF3E599}.Release|Any CPU.ActiveCfg = Release|Any CPU
		{28C746C3-EAEE-487D-9662-79EB9FF3E599}.Release|Any CPU.Build.0 = Release|Any CPU
		{FA95353E-E0B2-405D-AAD6-5C010DFACCA7}.Debug|Any CPU.ActiveCfg = Debug|Any CPU
		{FA95353E-E0B2-405D-AAD6-5C010DFACCA7}.Debug|Any CPU.Build.0 = Debug|Any CPU
		{FA95353E-E0B2-405D-AAD6-5C010DFACCA7}.Release|Any CPU.ActiveCfg = Release|Any CPU
		{FA95353E-E0B2-405D-AAD6-5C010DFACCA7}.Release|Any CPU.Build.0 = Release|Any CPU
		{7D6ECF93-2569-461B-8C84-453ABFB57769}.Debug|Any CPU.ActiveCfg = Debug|Any CPU
		{7D6ECF93-2569-461B-8C84-453ABFB57769}.Debug|Any CPU.Build.0 = Debug|Any CPU
		{7D6ECF93-2569-461B-8C84-453ABFB57769}.Release|Any CPU.ActiveCfg = Release|Any CPU
		{7D6ECF93-2569-461B-8C84-453ABFB57769}.Release|Any CPU.Build.0 = Release|Any CPU
		{40287DD3-0385-4B6D-84B3-8097530C2C52}.Debug|Any CPU.ActiveCfg = Debug|Any CPU
		{40287DD3-0385-4B6D-84B3-8097530C2C52}.Debug|Any CPU.Build.0 = Debug|Any CPU
		{40287DD3-0385-4B6D-84B3-8097530C2C52}.Release|Any CPU.ActiveCfg = Release|Any CPU
		{40287DD3-0385-4B6D-84B3-8097530C2C52}.Release|Any CPU.Build.0 = Release|Any CPU
		{4CCA855D-D3E0-4B04-A907-467420A62219}.Debug|Any CPU.ActiveCfg = Debug|Any CPU
		{4CCA855D-D3E0-4B04-A907-467420A62219}.Debug|Any CPU.Build.0 = Debug|Any CPU
		{4CCA855D-D3E0-4B04-A907-467420A62219}.Release|Any CPU.ActiveCfg = Release|Any CPU
		{4CCA855D-D3E0-4B04-A907-467420A62219}.Release|Any CPU.Build.0 = Release|Any CPU
		{D3D82F1F-77A8-4298-ABE4-7ED1029618F3}.Debug|Any CPU.ActiveCfg = Debug|Any CPU
		{D3D82F1F-77A8-4298-ABE4-7ED1029618F3}.Debug|Any CPU.Build.0 = Debug|Any CPU
		{D3D82F1F-77A8-4298-ABE4-7ED1029618F3}.Release|Any CPU.ActiveCfg = Release|Any CPU
		{D3D82F1F-77A8-4298-ABE4-7ED1029618F3}.Release|Any CPU.Build.0 = Release|Any CPU
		{CC0A98C9-B96A-40C3-BC08-CB9FF90D50C5}.Debug|Any CPU.ActiveCfg = Debug|Any CPU
		{CC0A98C9-B96A-40C3-BC08-CB9FF90D50C5}.Debug|Any CPU.Build.0 = Debug|Any CPU
		{CC0A98C9-B96A-40C3-BC08-CB9FF90D50C5}.Release|Any CPU.ActiveCfg = Release|Any CPU
		{CC0A98C9-B96A-40C3-BC08-CB9FF90D50C5}.Release|Any CPU.Build.0 = Release|Any CPU
		{E38EB65D-4920-4A02-AC23-0CB4D65979E5}.Debug|Any CPU.ActiveCfg = Debug|Any CPU
		{E38EB65D-4920-4A02-AC23-0CB4D65979E5}.Debug|Any CPU.Build.0 = Debug|Any CPU
		{E38EB65D-4920-4A02-AC23-0CB4D65979E5}.Release|Any CPU.ActiveCfg = Release|Any CPU
		{E38EB65D-4920-4A02-AC23-0CB4D65979E5}.Release|Any CPU.Build.0 = Release|Any CPU
		{9AB54980-9932-42B5-8578-24B51C057C0F}.Debug|Any CPU.ActiveCfg = Debug|Any CPU
		{9AB54980-9932-42B5-8578-24B51C057C0F}.Debug|Any CPU.Build.0 = Debug|Any CPU
		{9AB54980-9932-42B5-8578-24B51C057C0F}.Release|Any CPU.ActiveCfg = Release|Any CPU
		{9AB54980-9932-42B5-8578-24B51C057C0F}.Release|Any CPU.Build.0 = Release|Any CPU
		{ED611187-E054-4D7A-B4B3-45D5CC563B60}.Debug|Any CPU.ActiveCfg = Debug|Any CPU
		{ED611187-E054-4D7A-B4B3-45D5CC563B60}.Debug|Any CPU.Build.0 = Debug|Any CPU
		{ED611187-E054-4D7A-B4B3-45D5CC563B60}.Release|Any CPU.ActiveCfg = Release|Any CPU
		{ED611187-E054-4D7A-B4B3-45D5CC563B60}.Release|Any CPU.Build.0 = Release|Any CPU
		{78BA47A8-C543-42E2-861B-104133039066}.Debug|Any CPU.ActiveCfg = Debug|Any CPU
		{78BA47A8-C543-42E2-861B-104133039066}.Debug|Any CPU.Build.0 = Debug|Any CPU
		{78BA47A8-C543-42E2-861B-104133039066}.Release|Any CPU.ActiveCfg = Release|Any CPU
		{78BA47A8-C543-42E2-861B-104133039066}.Release|Any CPU.Build.0 = Release|Any CPU
		{E61DD011-5BCB-48C0-A559-CC432CAF1E97}.Debug|Any CPU.ActiveCfg = Debug|Any CPU
		{E61DD011-5BCB-48C0-A559-CC432CAF1E97}.Debug|Any CPU.Build.0 = Debug|Any CPU
		{E61DD011-5BCB-48C0-A559-CC432CAF1E97}.Release|Any CPU.ActiveCfg = Release|Any CPU
		{E61DD011-5BCB-48C0-A559-CC432CAF1E97}.Release|Any CPU.Build.0 = Release|Any CPU
		{CE801E35-4586-4C15-939C-4F6047C8B3AC}.Debug|Any CPU.ActiveCfg = Debug|Any CPU
		{CE801E35-4586-4C15-939C-4F6047C8B3AC}.Debug|Any CPU.Build.0 = Debug|Any CPU
		{CE801E35-4586-4C15-939C-4F6047C8B3AC}.Release|Any CPU.ActiveCfg = Release|Any CPU
		{CE801E35-4586-4C15-939C-4F6047C8B3AC}.Release|Any CPU.Build.0 = Release|Any CPU
		{88261ECC-52B6-4BA2-837C-6235C035E4B4}.Debug|Any CPU.ActiveCfg = Debug|Any CPU
		{88261ECC-52B6-4BA2-837C-6235C035E4B4}.Debug|Any CPU.Build.0 = Debug|Any CPU
		{88261ECC-52B6-4BA2-837C-6235C035E4B4}.Release|Any CPU.ActiveCfg = Release|Any CPU
		{88261ECC-52B6-4BA2-837C-6235C035E4B4}.Release|Any CPU.Build.0 = Release|Any CPU
		{81AA5FF6-0907-4A40-84A5-3A010D3CD8AE}.Debug|Any CPU.ActiveCfg = Debug|Any CPU
		{81AA5FF6-0907-4A40-84A5-3A010D3CD8AE}.Debug|Any CPU.Build.0 = Debug|Any CPU
		{81AA5FF6-0907-4A40-84A5-3A010D3CD8AE}.Release|Any CPU.ActiveCfg = Release|Any CPU
		{81AA5FF6-0907-4A40-84A5-3A010D3CD8AE}.Release|Any CPU.Build.0 = Release|Any CPU
	EndGlobalSection
	GlobalSection(SolutionProperties) = preSolution
		HideSolutionNode = FALSE
	EndGlobalSection
	GlobalSection(NestedProjects) = preSolution
		{14CB641E-6AF1-4A34-8B75-2C5A3850829A} = {47629631-43AB-4892-B8AA-45BBFC169776}
		{19356FC5-169B-424B-8419-DFD74D8B0880} = {47629631-43AB-4892-B8AA-45BBFC169776}
		{CF440C54-D38A-4CE2-86F8-A917A9AD4462} = {47629631-43AB-4892-B8AA-45BBFC169776}
		{02047DF0-FF0D-4C42-94B1-82D242DB6C99} = {47629631-43AB-4892-B8AA-45BBFC169776}
		{EB62F2A0-1474-4DA0-ADAD-BD28E986E654} = {47629631-43AB-4892-B8AA-45BBFC169776}
		{0FEEDA98-F3F6-49B0-932D-DA99D12BB7D9} = {14CB641E-6AF1-4A34-8B75-2C5A3850829A}
		{4502E015-9D41-43FE-888B-C7D0A49A46D8} = {14CB641E-6AF1-4A34-8B75-2C5A3850829A}
		{6D6BEA3A-3568-4E40-8E34-3AEACA7EB035} = {CF440C54-D38A-4CE2-86F8-A917A9AD4462}
		{0DA944A3-73D2-40FD-8AC6-684BEDF44115} = {CF440C54-D38A-4CE2-86F8-A917A9AD4462}
		{66C10F6C-0066-41E7-A03A-A669436A62D6} = {02047DF0-FF0D-4C42-94B1-82D242DB6C99}
		{A4300307-CCCF-40B4-A2DF-419FA45D2310} = {02047DF0-FF0D-4C42-94B1-82D242DB6C99}
		{7AF9F980-0209-430C-8247-A1D5B91EEDC7} = {02047DF0-FF0D-4C42-94B1-82D242DB6C99}
		{662A4DED-234D-427E-B621-A345D415AC98} = {EB62F2A0-1474-4DA0-ADAD-BD28E986E654}
		{C508A8F2-3FAB-4AC5-95D2-6E0D9F2A8DDE} = {EB62F2A0-1474-4DA0-ADAD-BD28E986E654}
		{047AC8BF-D592-4D41-B078-57A2E80F505D} = {EB62F2A0-1474-4DA0-ADAD-BD28E986E654}
		{55661C61-5A9B-4DD5-B433-FC8DB8A8DDE7} = {E44ECE88-9B42-411E-B10C-22A19B992D5B}
		{7610366E-CBF5-49CA-9381-B437A0B5174E} = {02047DF0-FF0D-4C42-94B1-82D242DB6C99}
		{80B446D6-6A80-4F20-A43B-7A2FB76A69D0} = {14CB641E-6AF1-4A34-8B75-2C5A3850829A}
		{3952E900-CDD5-46C2-B5F7-2E46B3CBA947} = {47629631-43AB-4892-B8AA-45BBFC169776}
		{6738843F-3933-4D35-A198-A6A5125CDC09} = {3952E900-CDD5-46C2-B5F7-2E46B3CBA947}
		{5F4C3048-EA66-4804-9765-7D25DBB5AF12} = {47629631-43AB-4892-B8AA-45BBFC169776}
		{D738B692-CF34-4712-9AE5-C910CA429741} = {5F4C3048-EA66-4804-9765-7D25DBB5AF12}
		{BC093E8C-4A21-4D5F-B25A-749ED458B70F} = {5F4C3048-EA66-4804-9765-7D25DBB5AF12}
		{D0783B14-5A00-42F9-A19E-DF6352B4BAD4} = {5F4C3048-EA66-4804-9765-7D25DBB5AF12}
		{320AE791-F37C-45F3-AB4A-4D2AC2EAE3E2} = {5F4C3048-EA66-4804-9765-7D25DBB5AF12}
		{7BE961EE-408F-48C6-A612-D6C85BBD9F9F} = {5F4C3048-EA66-4804-9765-7D25DBB5AF12}
		{0380F884-2476-47AA-B4DB-52B148C998AF} = {5F4C3048-EA66-4804-9765-7D25DBB5AF12}
		{2A30668A-6A9E-4FB4-8BBC-21250DF680B6} = {5F4C3048-EA66-4804-9765-7D25DBB5AF12}
		{DF7C3BAA-9A1C-4EA2-ABCB-8D22B73EB0A3} = {EB62F2A0-1474-4DA0-ADAD-BD28E986E654}
		{A54BABB5-F0DF-4E64-8966-7DA29FA9CC4F} = {EB62F2A0-1474-4DA0-ADAD-BD28E986E654}
		{9E7ECE57-22DC-46B2-BF4D-424188EBA94D} = {EB62F2A0-1474-4DA0-ADAD-BD28E986E654}
		{28C746C3-EAEE-487D-9662-79EB9FF3E599} = {EB62F2A0-1474-4DA0-ADAD-BD28E986E654}
		{FA95353E-E0B2-405D-AAD6-5C010DFACCA7} = {02047DF0-FF0D-4C42-94B1-82D242DB6C99}
		{7D6ECF93-2569-461B-8C84-453ABFB57769} = {02047DF0-FF0D-4C42-94B1-82D242DB6C99}
		{40287DD3-0385-4B6D-84B3-8097530C2C52} = {02047DF0-FF0D-4C42-94B1-82D242DB6C99}
		{4CCA855D-D3E0-4B04-A907-467420A62219} = {02047DF0-FF0D-4C42-94B1-82D242DB6C99}
		{D3D82F1F-77A8-4298-ABE4-7ED1029618F3} = {02047DF0-FF0D-4C42-94B1-82D242DB6C99}
		{CC0A98C9-B96A-40C3-BC08-CB9FF90D50C5} = {02047DF0-FF0D-4C42-94B1-82D242DB6C99}
		{E38EB65D-4920-4A02-AC23-0CB4D65979E5} = {02047DF0-FF0D-4C42-94B1-82D242DB6C99}
		{9AB54980-9932-42B5-8578-24B51C057C0F} = {CF440C54-D38A-4CE2-86F8-A917A9AD4462}
		{ED611187-E054-4D7A-B4B3-45D5CC563B60} = {CF440C54-D38A-4CE2-86F8-A917A9AD4462}
		{78BA47A8-C543-42E2-861B-104133039066} = {19356FC5-169B-424B-8419-DFD74D8B0880}
		{E61DD011-5BCB-48C0-A559-CC432CAF1E97} = {14CB641E-6AF1-4A34-8B75-2C5A3850829A}
		{CE801E35-4586-4C15-939C-4F6047C8B3AC} = {14CB641E-6AF1-4A34-8B75-2C5A3850829A}
		{88261ECC-52B6-4BA2-837C-6235C035E4B4} = {14CB641E-6AF1-4A34-8B75-2C5A3850829A}
		{81AA5FF6-0907-4A40-84A5-3A010D3CD8AE} = {14CB641E-6AF1-4A34-8B75-2C5A3850829A}
	EndGlobalSection
EndGlobal
