
Microsoft Visual Studio Solution File, Format Version 12.00
# Visual Studio Version 17
VisualStudioVersion = 17.12.35707.178
MinimumVisualStudioVersion = 10.0.40219.1
Project("{2150E333-8FDC-42A3-9474-1A3956D46DE8}") = "0 Base", "0 Base", "{14CB641E-6AF1-4A34-8B75-2C5A3850829A}"
EndProject
Project("{2150E333-8FDC-42A3-9474-1A3956D46DE8}") = "1 Shared", "1 Shared", "{19356FC5-169B-424B-8419-DFD74D8B0880}"
EndProject
Project("{2150E333-8FDC-42A3-9474-1A3956D46DE8}") = "2 Product", "2 Product", "{CF440C54-D38A-4CE2-86F8-A917A9AD4462}"
EndProject
Project("{2150E333-8FDC-42A3-9474-1A3956D46DE8}") = "3 Sale", "3 Sale", "{02047DF0-FF0D-4C42-94B1-82D242DB6C99}"
EndProject
Project("{2150E333-8FDC-42A3-9474-1A3956D46DE8}") = "4 Stock", "4 Stock", "{EB62F2A0-1474-4DA0-ADAD-BD28E986E654}"
EndProject
Project("{FAE04EC0-301F-11D3-BF4B-00C04F79EFBC}") = "Base.Core.Domain.Application", "src\Base\Base.Core.Domain.Application\Base.Core.Domain.Application.csproj", "{0FEEDA98-F3F6-49B0-932D-DA99D12BB7D9}"
EndProject
Project("{FAE04EC0-301F-11D3-BF4B-00C04F79EFBC}") = "Base.WebApi", "src\Base\Base.WebApi\Base.WebApi.csproj", "{4502E015-9D41-43FE-888B-C7D0A49A46D8}"
EndProject
Project("{FAE04EC0-301F-11D3-BF4B-00C04F79EFBC}") = "Shared.Dto", "src\Shared\Shared.Dto\Shared.Dto.csproj", "{05760764-837F-4357-834D-38BBE8C5C8D2}"
EndProject
Project("{FAE04EC0-301F-11D3-BF4B-00C04F79EFBC}") = "Product.Core.Domain", "src\Product\Product.Core.Domain\Product.Core.Domain.csproj", "{6D6BEA3A-3568-4E40-8E34-3AEACA7EB035}"
EndProject
Project("{FAE04EC0-301F-11D3-BF4B-00C04F79EFBC}") = "Product.WebApi", "src\Product\Product.WebApi\Product.WebApi.csproj", "{0DA944A3-73D2-40FD-8AC6-684BEDF44115}"
EndProject
Project("{FAE04EC0-301F-11D3-BF4B-00C04F79EFBC}") = "Sale.Core.Domain", "src\Sale\Sale.Core.Domain\Sale.Core.Domain.csproj", "{A4300307-CCCF-40B4-A2DF-419FA45D2310}"
EndProject
Project("{FAE04EC0-301F-11D3-BF4B-00C04F79EFBC}") = "Sale.WebApi", "src\Sale\Sale.WebApi\Sale.WebApi.csproj", "{7AF9F980-0209-430C-8247-A1D5B91EEDC7}"
EndProject
Project("{FAE04EC0-301F-11D3-BF4B-00C04F79EFBC}") = "Stock.Core.Domain", "src\Stock\Stock.Core.Domain\Stock.Core.Domain.csproj", "{C508A8F2-3FAB-4AC5-95D2-6E0D9F2A8DDE}"
EndProject
Project("{FAE04EC0-301F-11D3-BF4B-00C04F79EFBC}") = "Stock.WebApi", "src\Stock\Stock.WebApi\Stock.WebApi.csproj", "{047AC8BF-D592-4D41-B078-57A2E80F505D}"
EndProject
Project("{2150E333-8FDC-42A3-9474-1A3956D46DE8}") = "5 Payment", "5 Payment", "{7D076A03-F0EB-4342-9B8A-BECB04A8E758}"
EndProject
Project("{FAE04EC0-301F-11D3-BF4B-00C04F79EFBC}") = "Payment.Core.Domain", "src\Payment\Payment.Core.Domain\Payment.Core.Domain.csproj", "{18DE4B90-14F9-42FC-A660-2B5DF9012A70}"
EndProject
Project("{FAE04EC0-301F-11D3-BF4B-00C04F79EFBC}") = "Payment.Core.Domain.Application", "src\Payment\Payment.Core.Domain.Application\Payment.Core.Domain.Application.csproj", "{B5FEB084-BAA1-4F4C-B9AB-7C127F4413EC}"
EndProject
Project("{FAE04EC0-301F-11D3-BF4B-00C04F79EFBC}") = "Payment.Infrastructure.Orm", "src\Payment\Payment.Infrastructure\Payment.Infrastructure.Orm.csproj", "{90BA17A2-BA45-49DD-8A3E-0A73A7ABDC63}"
EndProject
Project("{FAE04EC0-301F-11D3-BF4B-00C04F79EFBC}") = "Payment.Infrastructure.Bus", "src\Payment\Payment.Infrastructure.Bus\Payment.Infrastructure.Bus.csproj", "{85DC34DE-5FA5-4ABF-822F-175437BC213D}"
EndProject
Project("{FAE04EC0-301F-11D3-BF4B-00C04F79EFBC}") = "Payment.WebApi", "src\Payment\Payment.WebApi\Payment.WebApi.csproj", "{DE643CD0-D4E5-493D-B941-053ADB14A783}"
EndProject
Project("{FAE04EC0-301F-11D3-BF4B-00C04F79EFBC}") = "Stock.Core.Domain.Application", "src\Stock\Stock.Core.Domain.Application\Stock.Core.Domain.Application.csproj", "{3FF16A97-3AC1-42D9-A652-4D43C34FF806}"
EndProject
Project("{FAE04EC0-301F-11D3-BF4B-00C04F79EFBC}") = "Stock.Core.Domain.Contracts", "src\Stock\Stock.Core.Domain.Contracts\Stock.Core.Domain.Contracts.csproj", "{7BCFF1DB-4AFF-49C2-9A39-48C274B84D46}"
EndProject
Project("{FAE04EC0-301F-11D3-BF4B-00C04F79EFBC}") = "Stock.Infrastructure.Orm", "src\Stock\Stock.Infrastructure\Stock.Infrastructure.Orm.csproj", "{5D189E31-FD07-4931-9CB0-98EAC01A3173}"
EndProject
Project("{FAE04EC0-301F-11D3-BF4B-00C04F79EFBC}") = "Stock.Infrastructure.Bus", "src\Stock\Stock.Infrastructure.Bus\Stock.Infrastructure.Bus.csproj", "{CA1A89C2-2898-4A18-A240-7777D104692F}"
EndProject
Project("{FAE04EC0-301F-11D3-BF4B-00C04F79EFBC}") = "Sale.Core.Domain.Application", "src\Sale\Sale.Core.Domain.Application\Sale.Core.Domain.Application.csproj", "{279DEC4D-ACDE-46E6-84E1-495B55781EE7}"
EndProject
Project("{FAE04EC0-301F-11D3-BF4B-00C04F79EFBC}") = "Sale.Core.Domain.Contracts", "src\Sale\Sale.Core.Domain.Contracts\Sale.Core.Domain.Contracts.csproj", "{42BFAE75-804A-4DE0-9781-FD4BC3B41C84}"
EndProject
Project("{FAE04EC0-301F-11D3-BF4B-00C04F79EFBC}") = "Sale.Core.Domain.Saga", "src\Sale\Sale.Core.Domain.Saga\Sale.Core.Domain.Saga.csproj", "{FFE59426-B77E-46AC-9B67-363A11F8862B}"
EndProject
Project("{FAE04EC0-301F-11D3-BF4B-00C04F79EFBC}") = "Sale.Infrastructure.Bus", "src\Sale\Sale.Infrastructure.Bus\Sale.Infrastructure.Bus.csproj", "{851DB221-D193-4935-AB6F-8BDDDC4FD2D0}"
EndProject
Project("{FAE04EC0-301F-11D3-BF4B-00C04F79EFBC}") = "Product.Infrastructure.Orm", "src\Product\Product.Infrastructure\Product.Infrastructure.Orm.csproj", "{65803240-1414-4410-8707-7FCE367833E0}"
EndProject
Project("{FAE04EC0-301F-11D3-BF4B-00C04F79EFBC}") = "Shared.Infrasctructure.Orm", "src\Shared\Shared.Infrasctructure\Shared.Infrasctructure.Orm.csproj", "{9C1C90BB-6102-436F-AF0B-54BD0C21461F}"
EndProject
Project("{FAE04EC0-301F-11D3-BF4B-00C04F79EFBC}") = "Base.Core.Domain", "src\Base\Base.Core.Domain\Base.Core.Domain.csproj", "{FDF15350-68EA-4111-B1A0-F37C944F9A8F}"
EndProject
Project("{FAE04EC0-301F-11D3-BF4B-00C04F79EFBC}") = "Sale.SaleMessageProcessor", "src\Sale\Sale.SaleMessageProcessor\Sale.SaleMessageProcessor.csproj", "{9B3CC3C3-E109-4760-BBCE-C384BE759B03}"
EndProject
Project("{FAE04EC0-301F-11D3-BF4B-00C04F79EFBC}") = "Product.Core.Application", "src\Product\Product.Core.Application\Product.Core.Application.csproj", "{A2A5436F-F093-4B1D-8580-A2E3D4122935}"
EndProject
Project("{FAE04EC0-301F-11D3-BF4B-00C04F79EFBC}") = "Sale.Infrastructure.Orm", "src\Sale\Sale.Infrastructure\Sale.Infrastructure.Orm.csproj", "{3E0B80CB-C755-46E7-A55F-CCD19C6EF032}"
EndProject
Global
	GlobalSection(SolutionConfigurationPlatforms) = preSolution
		Debug|Any CPU = Debug|Any CPU
		Release|Any CPU = Release|Any CPU
	EndGlobalSection
	GlobalSection(ProjectConfigurationPlatforms) = postSolution
		{0FEEDA98-F3F6-49B0-932D-DA99D12BB7D9}.Debug|Any CPU.ActiveCfg = Debug|Any CPU
		{0FEEDA98-F3F6-49B0-932D-DA99D12BB7D9}.Debug|Any CPU.Build.0 = Debug|Any CPU
		{0FEEDA98-F3F6-49B0-932D-DA99D12BB7D9}.Release|Any CPU.ActiveCfg = Release|Any CPU
		{0FEEDA98-F3F6-49B0-932D-DA99D12BB7D9}.Release|Any CPU.Build.0 = Release|Any CPU
		{4502E015-9D41-43FE-888B-C7D0A49A46D8}.Debug|Any CPU.ActiveCfg = Debug|Any CPU
		{4502E015-9D41-43FE-888B-C7D0A49A46D8}.Debug|Any CPU.Build.0 = Debug|Any CPU
		{4502E015-9D41-43FE-888B-C7D0A49A46D8}.Release|Any CPU.ActiveCfg = Release|Any CPU
		{4502E015-9D41-43FE-888B-C7D0A49A46D8}.Release|Any CPU.Build.0 = Release|Any CPU
		{05760764-837F-4357-834D-38BBE8C5C8D2}.Debug|Any CPU.ActiveCfg = Debug|Any CPU
		{05760764-837F-4357-834D-38BBE8C5C8D2}.Debug|Any CPU.Build.0 = Debug|Any CPU
		{05760764-837F-4357-834D-38BBE8C5C8D2}.Release|Any CPU.ActiveCfg = Release|Any CPU
		{05760764-837F-4357-834D-38BBE8C5C8D2}.Release|Any CPU.Build.0 = Release|Any CPU
		{6D6BEA3A-3568-4E40-8E34-3AEACA7EB035}.Debug|Any CPU.ActiveCfg = Debug|Any CPU
		{6D6BEA3A-3568-4E40-8E34-3AEACA7EB035}.Debug|Any CPU.Build.0 = Debug|Any CPU
		{6D6BEA3A-3568-4E40-8E34-3AEACA7EB035}.Release|Any CPU.ActiveCfg = Release|Any CPU
		{6D6BEA3A-3568-4E40-8E34-3AEACA7EB035}.Release|Any CPU.Build.0 = Release|Any CPU
		{0DA944A3-73D2-40FD-8AC6-684BEDF44115}.Debug|Any CPU.ActiveCfg = Debug|Any CPU
		{0DA944A3-73D2-40FD-8AC6-684BEDF44115}.Debug|Any CPU.Build.0 = Debug|Any CPU
		{0DA944A3-73D2-40FD-8AC6-684BEDF44115}.Release|Any CPU.ActiveCfg = Release|Any CPU
		{0DA944A3-73D2-40FD-8AC6-684BEDF44115}.Release|Any CPU.Build.0 = Release|Any CPU
		{A4300307-CCCF-40B4-A2DF-419FA45D2310}.Debug|Any CPU.ActiveCfg = Debug|Any CPU
		{A4300307-CCCF-40B4-A2DF-419FA45D2310}.Debug|Any CPU.Build.0 = Debug|Any CPU
		{A4300307-CCCF-40B4-A2DF-419FA45D2310}.Release|Any CPU.ActiveCfg = Release|Any CPU
		{A4300307-CCCF-40B4-A2DF-419FA45D2310}.Release|Any CPU.Build.0 = Release|Any CPU
		{7AF9F980-0209-430C-8247-A1D5B91EEDC7}.Debug|Any CPU.ActiveCfg = Debug|Any CPU
		{7AF9F980-0209-430C-8247-A1D5B91EEDC7}.Debug|Any CPU.Build.0 = Debug|Any CPU
		{7AF9F980-0209-430C-8247-A1D5B91EEDC7}.Release|Any CPU.ActiveCfg = Release|Any CPU
		{7AF9F980-0209-430C-8247-A1D5B91EEDC7}.Release|Any CPU.Build.0 = Release|Any CPU
		{C508A8F2-3FAB-4AC5-95D2-6E0D9F2A8DDE}.Debug|Any CPU.ActiveCfg = Debug|Any CPU
		{C508A8F2-3FAB-4AC5-95D2-6E0D9F2A8DDE}.Debug|Any CPU.Build.0 = Debug|Any CPU
		{C508A8F2-3FAB-4AC5-95D2-6E0D9F2A8DDE}.Release|Any CPU.ActiveCfg = Release|Any CPU
		{C508A8F2-3FAB-4AC5-95D2-6E0D9F2A8DDE}.Release|Any CPU.Build.0 = Release|Any CPU
		{047AC8BF-D592-4D41-B078-57A2E80F505D}.Debug|Any CPU.ActiveCfg = Debug|Any CPU
		{047AC8BF-D592-4D41-B078-57A2E80F505D}.Debug|Any CPU.Build.0 = Debug|Any CPU
		{047AC8BF-D592-4D41-B078-57A2E80F505D}.Release|Any CPU.ActiveCfg = Release|Any CPU
		{047AC8BF-D592-4D41-B078-57A2E80F505D}.Release|Any CPU.Build.0 = Release|Any CPU
		{18DE4B90-14F9-42FC-A660-2B5DF9012A70}.Debug|Any CPU.ActiveCfg = Debug|Any CPU
		{18DE4B90-14F9-42FC-A660-2B5DF9012A70}.Debug|Any CPU.Build.0 = Debug|Any CPU
		{18DE4B90-14F9-42FC-A660-2B5DF9012A70}.Release|Any CPU.ActiveCfg = Release|Any CPU
		{18DE4B90-14F9-42FC-A660-2B5DF9012A70}.Release|Any CPU.Build.0 = Release|Any CPU
		{B5FEB084-BAA1-4F4C-B9AB-7C127F4413EC}.Debug|Any CPU.ActiveCfg = Debug|Any CPU
		{B5FEB084-BAA1-4F4C-B9AB-7C127F4413EC}.Debug|Any CPU.Build.0 = Debug|Any CPU
		{B5FEB084-BAA1-4F4C-B9AB-7C127F4413EC}.Release|Any CPU.ActiveCfg = Release|Any CPU
		{B5FEB084-BAA1-4F4C-B9AB-7C127F4413EC}.Release|Any CPU.Build.0 = Release|Any CPU
		{90BA17A2-BA45-49DD-8A3E-0A73A7ABDC63}.Debug|Any CPU.ActiveCfg = Debug|Any CPU
		{90BA17A2-BA45-49DD-8A3E-0A73A7ABDC63}.Debug|Any CPU.Build.0 = Debug|Any CPU
		{90BA17A2-BA45-49DD-8A3E-0A73A7ABDC63}.Release|Any CPU.ActiveCfg = Release|Any CPU
		{90BA17A2-BA45-49DD-8A3E-0A73A7ABDC63}.Release|Any CPU.Build.0 = Release|Any CPU
		{85DC34DE-5FA5-4ABF-822F-175437BC213D}.Debug|Any CPU.ActiveCfg = Debug|Any CPU
		{85DC34DE-5FA5-4ABF-822F-175437BC213D}.Debug|Any CPU.Build.0 = Debug|Any CPU
		{85DC34DE-5FA5-4ABF-822F-175437BC213D}.Release|Any CPU.ActiveCfg = Release|Any CPU
		{85DC34DE-5FA5-4ABF-822F-175437BC213D}.Release|Any CPU.Build.0 = Release|Any CPU
		{DE643CD0-D4E5-493D-B941-053ADB14A783}.Debug|Any CPU.ActiveCfg = Debug|Any CPU
		{DE643CD0-D4E5-493D-B941-053ADB14A783}.Debug|Any CPU.Build.0 = Debug|Any CPU
		{DE643CD0-D4E5-493D-B941-053ADB14A783}.Release|Any CPU.ActiveCfg = Release|Any CPU
		{DE643CD0-D4E5-493D-B941-053ADB14A783}.Release|Any CPU.Build.0 = Release|Any CPU
		{3FF16A97-3AC1-42D9-A652-4D43C34FF806}.Debug|Any CPU.ActiveCfg = Debug|Any CPU
		{3FF16A97-3AC1-42D9-A652-4D43C34FF806}.Debug|Any CPU.Build.0 = Debug|Any CPU
		{3FF16A97-3AC1-42D9-A652-4D43C34FF806}.Release|Any CPU.ActiveCfg = Release|Any CPU
		{3FF16A97-3AC1-42D9-A652-4D43C34FF806}.Release|Any CPU.Build.0 = Release|Any CPU
		{7BCFF1DB-4AFF-49C2-9A39-48C274B84D46}.Debug|Any CPU.ActiveCfg = Debug|Any CPU
		{7BCFF1DB-4AFF-49C2-9A39-48C274B84D46}.Debug|Any CPU.Build.0 = Debug|Any CPU
		{7BCFF1DB-4AFF-49C2-9A39-48C274B84D46}.Release|Any CPU.ActiveCfg = Release|Any CPU
		{7BCFF1DB-4AFF-49C2-9A39-48C274B84D46}.Release|Any CPU.Build.0 = Release|Any CPU
		{5D189E31-FD07-4931-9CB0-98EAC01A3173}.Debug|Any CPU.ActiveCfg = Debug|Any CPU
		{5D189E31-FD07-4931-9CB0-98EAC01A3173}.Debug|Any CPU.Build.0 = Debug|Any CPU
		{5D189E31-FD07-4931-9CB0-98EAC01A3173}.Release|Any CPU.ActiveCfg = Release|Any CPU
		{5D189E31-FD07-4931-9CB0-98EAC01A3173}.Release|Any CPU.Build.0 = Release|Any CPU
		{CA1A89C2-2898-4A18-A240-7777D104692F}.Debug|Any CPU.ActiveCfg = Debug|Any CPU
		{CA1A89C2-2898-4A18-A240-7777D104692F}.Debug|Any CPU.Build.0 = Debug|Any CPU
		{CA1A89C2-2898-4A18-A240-7777D104692F}.Release|Any CPU.ActiveCfg = Release|Any CPU
		{CA1A89C2-2898-4A18-A240-7777D104692F}.Release|Any CPU.Build.0 = Release|Any CPU
		{279DEC4D-ACDE-46E6-84E1-495B55781EE7}.Debug|Any CPU.ActiveCfg = Debug|Any CPU
		{279DEC4D-ACDE-46E6-84E1-495B55781EE7}.Debug|Any CPU.Build.0 = Debug|Any CPU
		{279DEC4D-ACDE-46E6-84E1-495B55781EE7}.Release|Any CPU.ActiveCfg = Release|Any CPU
		{279DEC4D-ACDE-46E6-84E1-495B55781EE7}.Release|Any CPU.Build.0 = Release|Any CPU
		{42BFAE75-804A-4DE0-9781-FD4BC3B41C84}.Debug|Any CPU.ActiveCfg = Debug|Any CPU
		{42BFAE75-804A-4DE0-9781-FD4BC3B41C84}.Debug|Any CPU.Build.0 = Debug|Any CPU
		{42BFAE75-804A-4DE0-9781-FD4BC3B41C84}.Release|Any CPU.ActiveCfg = Release|Any CPU
		{42BFAE75-804A-4DE0-9781-FD4BC3B41C84}.Release|Any CPU.Build.0 = Release|Any CPU
		{FFE59426-B77E-46AC-9B67-363A11F8862B}.Debug|Any CPU.ActiveCfg = Debug|Any CPU
		{FFE59426-B77E-46AC-9B67-363A11F8862B}.Debug|Any CPU.Build.0 = Debug|Any CPU
		{FFE59426-B77E-46AC-9B67-363A11F8862B}.Release|Any CPU.ActiveCfg = Release|Any CPU
		{FFE59426-B77E-46AC-9B67-363A11F8862B}.Release|Any CPU.Build.0 = Release|Any CPU
		{851DB221-D193-4935-AB6F-8BDDDC4FD2D0}.Debug|Any CPU.ActiveCfg = Debug|Any CPU
		{851DB221-D193-4935-AB6F-8BDDDC4FD2D0}.Debug|Any CPU.Build.0 = Debug|Any CPU
		{851DB221-D193-4935-AB6F-8BDDDC4FD2D0}.Release|Any CPU.ActiveCfg = Release|Any CPU
		{851DB221-D193-4935-AB6F-8BDDDC4FD2D0}.Release|Any CPU.Build.0 = Release|Any CPU
		{65803240-1414-4410-8707-7FCE367833E0}.Debug|Any CPU.ActiveCfg = Debug|Any CPU
		{65803240-1414-4410-8707-7FCE367833E0}.Debug|Any CPU.Build.0 = Debug|Any CPU
		{65803240-1414-4410-8707-7FCE367833E0}.Release|Any CPU.ActiveCfg = Release|Any CPU
		{65803240-1414-4410-8707-7FCE367833E0}.Release|Any CPU.Build.0 = Release|Any CPU
		{9C1C90BB-6102-436F-AF0B-54BD0C21461F}.Debug|Any CPU.ActiveCfg = Debug|Any CPU
		{9C1C90BB-6102-436F-AF0B-54BD0C21461F}.Debug|Any CPU.Build.0 = Debug|Any CPU
		{9C1C90BB-6102-436F-AF0B-54BD0C21461F}.Release|Any CPU.ActiveCfg = Release|Any CPU
		{9C1C90BB-6102-436F-AF0B-54BD0C21461F}.Release|Any CPU.Build.0 = Release|Any CPU
		{FDF15350-68EA-4111-B1A0-F37C944F9A8F}.Debug|Any CPU.ActiveCfg = Debug|Any CPU
		{FDF15350-68EA-4111-B1A0-F37C944F9A8F}.Debug|Any CPU.Build.0 = Debug|Any CPU
		{FDF15350-68EA-4111-B1A0-F37C944F9A8F}.Release|Any CPU.ActiveCfg = Release|Any CPU
		{FDF15350-68EA-4111-B1A0-F37C944F9A8F}.Release|Any CPU.Build.0 = Release|Any CPU
		{9B3CC3C3-E109-4760-BBCE-C384BE759B03}.Debug|Any CPU.ActiveCfg = Debug|Any CPU
		{9B3CC3C3-E109-4760-BBCE-C384BE759B03}.Debug|Any CPU.Build.0 = Debug|Any CPU
		{9B3CC3C3-E109-4760-BBCE-C384BE759B03}.Release|Any CPU.ActiveCfg = Release|Any CPU
		{9B3CC3C3-E109-4760-BBCE-C384BE759B03}.Release|Any CPU.Build.0 = Release|Any CPU
		{A2A5436F-F093-4B1D-8580-A2E3D4122935}.Debug|Any CPU.ActiveCfg = Debug|Any CPU
		{A2A5436F-F093-4B1D-8580-A2E3D4122935}.Debug|Any CPU.Build.0 = Debug|Any CPU
		{A2A5436F-F093-4B1D-8580-A2E3D4122935}.Release|Any CPU.ActiveCfg = Release|Any CPU
		{A2A5436F-F093-4B1D-8580-A2E3D4122935}.Release|Any CPU.Build.0 = Release|Any CPU
		{3E0B80CB-C755-46E7-A55F-CCD19C6EF032}.Debug|Any CPU.ActiveCfg = Debug|Any CPU
		{3E0B80CB-C755-46E7-A55F-CCD19C6EF032}.Debug|Any CPU.Build.0 = Debug|Any CPU
		{3E0B80CB-C755-46E7-A55F-CCD19C6EF032}.Release|Any CPU.ActiveCfg = Release|Any CPU
		{3E0B80CB-C755-46E7-A55F-CCD19C6EF032}.Release|Any CPU.Build.0 = Release|Any CPU
	EndGlobalSection
	GlobalSection(SolutionProperties) = preSolution
		HideSolutionNode = FALSE
	EndGlobalSection
	GlobalSection(NestedProjects) = preSolution
		{0FEEDA98-F3F6-49B0-932D-DA99D12BB7D9} = {14CB641E-6AF1-4A34-8B75-2C5A3850829A}
		{4502E015-9D41-43FE-888B-C7D0A49A46D8} = {14CB641E-6AF1-4A34-8B75-2C5A3850829A}
		{05760764-837F-4357-834D-38BBE8C5C8D2} = {19356FC5-169B-424B-8419-DFD74D8B0880}
		{6D6BEA3A-3568-4E40-8E34-3AEACA7EB035} = {CF440C54-D38A-4CE2-86F8-A917A9AD4462}
		{0DA944A3-73D2-40FD-8AC6-684BEDF44115} = {CF440C54-D38A-4CE2-86F8-A917A9AD4462}
		{A4300307-CCCF-40B4-A2DF-419FA45D2310} = {02047DF0-FF0D-4C42-94B1-82D242DB6C99}
		{7AF9F980-0209-430C-8247-A1D5B91EEDC7} = {02047DF0-FF0D-4C42-94B1-82D242DB6C99}
		{C508A8F2-3FAB-4AC5-95D2-6E0D9F2A8DDE} = {EB62F2A0-1474-4DA0-ADAD-BD28E986E654}
		{047AC8BF-D592-4D41-B078-57A2E80F505D} = {EB62F2A0-1474-4DA0-ADAD-BD28E986E654}
		{18DE4B90-14F9-42FC-A660-2B5DF9012A70} = {7D076A03-F0EB-4342-9B8A-BECB04A8E758}
		{B5FEB084-BAA1-4F4C-B9AB-7C127F4413EC} = {7D076A03-F0EB-4342-9B8A-BECB04A8E758}
		{90BA17A2-BA45-49DD-8A3E-0A73A7ABDC63} = {7D076A03-F0EB-4342-9B8A-BECB04A8E758}
		{85DC34DE-5FA5-4ABF-822F-175437BC213D} = {7D076A03-F0EB-4342-9B8A-BECB04A8E758}
		{DE643CD0-D4E5-493D-B941-053ADB14A783} = {7D076A03-F0EB-4342-9B8A-BECB04A8E758}
		{3FF16A97-3AC1-42D9-A652-4D43C34FF806} = {EB62F2A0-1474-4DA0-ADAD-BD28E986E654}
		{7BCFF1DB-4AFF-49C2-9A39-48C274B84D46} = {EB62F2A0-1474-4DA0-ADAD-BD28E986E654}
		{5D189E31-FD07-4931-9CB0-98EAC01A3173} = {EB62F2A0-1474-4DA0-ADAD-BD28E986E654}
		{CA1A89C2-2898-4A18-A240-7777D104692F} = {EB62F2A0-1474-4DA0-ADAD-BD28E986E654}
		{279DEC4D-ACDE-46E6-84E1-495B55781EE7} = {02047DF0-FF0D-4C42-94B1-82D242DB6C99}
		{42BFAE75-804A-4DE0-9781-FD4BC3B41C84} = {02047DF0-FF0D-4C42-94B1-82D242DB6C99}
		{FFE59426-B77E-46AC-9B67-363A11F8862B} = {02047DF0-FF0D-4C42-94B1-82D242DB6C99}
		{851DB221-D193-4935-AB6F-8BDDDC4FD2D0} = {02047DF0-FF0D-4C42-94B1-82D242DB6C99}
		{65803240-1414-4410-8707-7FCE367833E0} = {CF440C54-D38A-4CE2-86F8-A917A9AD4462}
		{9C1C90BB-6102-436F-AF0B-54BD0C21461F} = {19356FC5-169B-424B-8419-DFD74D8B0880}
		{FDF15350-68EA-4111-B1A0-F37C944F9A8F} = {14CB641E-6AF1-4A34-8B75-2C5A3850829A}
		{9B3CC3C3-E109-4760-BBCE-C384BE759B03} = {02047DF0-FF0D-4C42-94B1-82D242DB6C99}
		{A2A5436F-F093-4B1D-8580-A2E3D4122935} = {CF440C54-D38A-4CE2-86F8-A917A9AD4462}
		{3E0B80CB-C755-46E7-A55F-CCD19C6EF032} = {02047DF0-FF0D-4C42-94B1-82D242DB6C99}
	EndGlobalSection
EndGlobal
